{
  "name": "govuk-frontend-jinja",
  "version": "0.0.0",
  "lockfileVersion": 3,
  "requires": true,
  "packages": {
    "": {
      "name": "govuk-frontend-jinja",
      "version": "0.0.0",
      "license": "MIT",
      "devDependencies": {
        "govuk-frontend": "^5.12.0"
      }
    },
    "node_modules/govuk-frontend": {
      "version": "5.12.0",
      "resolved": "https://registry.npmjs.org/govuk-frontend/-/govuk-frontend-5.12.0.tgz",
      "integrity": "sha512-gNr/UVDoORVOqVKTC9i9HOKKPeM4IDTAqtnd3t6U8LQibEr+8Q+FB7Id0u/MfR/5mqPfenG/+VGLW96vJXok/g==",
      "dev": true,
      "license": "MIT",
      "engines": {
        "node": ">= 4.2.0"
      }
    }
  }
}
